
Microsoft Visual Studio Solution File, Format Version 12.00
# Visual Studio Version 16
VisualStudioVersion = 16.0.30503.244
MinimumVisualStudioVersion = 10.0.40219.1
Project("{888888A0-9F3D-457C-B088-3A5042F75D52}") = "Pythonnote", "Pythonnote\Pythonnote.pyproj", "{4C1BAF58-3B3C-49AD-93F4-C26325B4FF73}"
EndProject
Global
	GlobalSection(SolutionConfigurationPlatforms) = preSolution
		Debug|Any CPU = Debug|Any CPU
		Release|Any CPU = Release|Any CPU
	EndGlobalSection
	GlobalSection(ProjectConfigurationPlatforms) = postSolution
		{4C1BAF58-3B3C-49AD-93F4-C26325B4FF73}.Debug|Any CPU.ActiveCfg = Debug|Any CPU
		{4C1BAF58-3B3C-49AD-93F4-C26325B4FF73}.Release|Any CPU.ActiveCfg = Release|Any CPU
	EndGlobalSection
	GlobalSection(SolutionProperties) = preSolution
		HideSolutionNode = FALSE
	EndGlobalSection
	GlobalSection(ExtensibilityGlobals) = postSolution
		SolutionGuid = {0342F1F6-AA23-460C-922E-F65E200C3812}
	EndGlobalSection
EndGlobal
